
Microsoft Visual Studio Solution File, Format Version 12.00
# Visual Studio Version 16
VisualStudioVersion = 16.0.30204.135
MinimumVisualStudioVersion = 10.0.40219.1
Project("{8BC9CEB8-8B4A-11D0-8D11-00A0C91BC942}") = "CommonNetwork", "CommonNetwork\CommonNetwork.vcxproj", "{421A8B7D-7B12-4F80-A93F-775F344DAFE6}"
EndProject
Project("{8BC9CEB8-8B4A-11D0-8D11-00A0C91BC942}") = "TCPClientExample", "TCPClientExample\TCPClientExample.vcxproj", "{197BE112-F526-4371-91C5-BF7B9CC37324}"
EndProject
Project("{8BC9CEB8-8B4A-11D0-8D11-00A0C91BC942}") = "TCPServerExample", "TCPServerExample\TCPServerExample.vcxproj", "{240E73C3-0743-4050-8AF2-55CBE44BB4A6}"
EndProject
Project("{2150E333-8FDC-42A3-9474-1A3956D46DE8}") = "Solution", "Solution", "{923D0476-8B8B-48B5-B82F-09558619908E}"
	ProjectSection(SolutionItems) = preProject
		.editorconfig = .editorconfig
	EndProjectSection
EndProject
Project("{8BC9CEB8-8B4A-11D0-8D11-00A0C91BC942}") = "UDPClientExample", "UDPClientExample\UDPClientExample.vcxproj", "{DD618503-6A63-4CF6-B8A5-F8A26D692310}"
EndProject
Project("{8BC9CEB8-8B4A-11D0-8D11-00A0C91BC942}") = "UDPServerExample", "UDPServerExample\UDPServerExample.vcxproj", "{F1187815-0CF1-431C-987A-623C08567AFD}"
EndProject
Global
	GlobalSection(SolutionConfigurationPlatforms) = preSolution
		Debug|x64 = Debug|x64
		Debug|x86 = Debug|x86
		Release|x64 = Release|x64
		Release|x86 = Release|x86
	EndGlobalSection
	GlobalSection(ProjectConfigurationPlatforms) = postSolution
		{421A8B7D-7B12-4F80-A93F-775F344DAFE6}.Debug|x64.ActiveCfg = Debug|x64
		{421A8B7D-7B12-4F80-A93F-775F344DAFE6}.Debug|x64.Build.0 = Debug|x64
		{421A8B7D-7B12-4F80-A93F-775F344DAFE6}.Debug|x86.ActiveCfg = Debug|Win32
		{421A8B7D-7B12-4F80-A93F-775F344DAFE6}.Debug|x86.Build.0 = Debug|Win32
		{421A8B7D-7B12-4F80-A93F-775F344DAFE6}.Release|x64.ActiveCfg = Release|x64
		{421A8B7D-7B12-4F80-A93F-775F344DAFE6}.Release|x64.Build.0 = Release|x64
		{421A8B7D-7B12-4F80-A93F-775F344DAFE6}.Release|x86.ActiveCfg = Release|Win32
		{421A8B7D-7B12-4F80-A93F-775F344DAFE6}.Release|x86.Build.0 = Release|Win32
		{197BE112-F526-4371-91C5-BF7B9CC37324}.Debug|x64.ActiveCfg = Debug|x64
		{197BE112-F526-4371-91C5-BF7B9CC37324}.Debug|x64.Build.0 = Debug|x64
		{197BE112-F526-4371-91C5-BF7B9CC37324}.Debug|x86.ActiveCfg = Debug|Win32
		{197BE112-F526-4371-91C5-BF7B9CC37324}.Debug|x86.Build.0 = Debug|Win32
		{197BE112-F526-4371-91C5-BF7B9CC37324}.Release|x64.ActiveCfg = Release|x64
		{197BE112-F526-4371-91C5-BF7B9CC37324}.Release|x64.Build.0 = Release|x64
		{197BE112-F526-4371-91C5-BF7B9CC37324}.Release|x86.ActiveCfg = Release|Win32
		{197BE112-F526-4371-91C5-BF7B9CC37324}.Release|x86.Build.0 = Release|Win32
		{240E73C3-0743-4050-8AF2-55CBE44BB4A6}.Debug|x64.ActiveCfg = Debug|x64
		{240E73C3-0743-4050-8AF2-55CBE44BB4A6}.Debug|x64.Build.0 = Debug|x64
		{240E73C3-0743-4050-8AF2-55CBE44BB4A6}.Debug|x86.ActiveCfg = Debug|Win32
		{240E73C3-0743-4050-8AF2-55CBE44BB4A6}.Debug|x86.Build.0 = Debug|Win32
		{240E73C3-0743-4050-8AF2-55CBE44BB4A6}.Release|x64.ActiveCfg = Release|x64
		{240E73C3-0743-4050-8AF2-55CBE44BB4A6}.Release|x64.Build.0 = Release|x64
		{240E73C3-0743-4050-8AF2-55CBE44BB4A6}.Release|x86.ActiveCfg = Release|Win32
		{240E73C3-0743-4050-8AF2-55CBE44BB4A6}.Release|x86.Build.0 = Release|Win32
		{DD618503-6A63-4CF6-B8A5-F8A26D692310}.Debug|x64.ActiveCfg = Debug|x64
		{DD618503-6A63-4CF6-B8A5-F8A26D692310}.Debug|x64.Build.0 = Debug|x64
		{DD618503-6A63-4CF6-B8A5-F8A26D692310}.Debug|x86.ActiveCfg = Debug|Win32
		{DD618503-6A63-4CF6-B8A5-F8A26D692310}.Debug|x86.Build.0 = Debug|Win32
		{DD618503-6A63-4CF6-B8A5-F8A26D692310}.Release|x64.ActiveCfg = Release|x64
		{DD618503-6A63-4CF6-B8A5-F8A26D692310}.Release|x64.Build.0 = Release|x64
		{DD618503-6A63-4CF6-B8A5-F8A26D692310}.Release|x86.ActiveCfg = Release|Win32
		{DD618503-6A63-4CF6-B8A5-F8A26D692310}.Release|x86.Build.0 = Release|Win32
		{F1187815-0CF1-431C-987A-623C08567AFD}.Debug|x64.ActiveCfg = Debug|x64
		{F1187815-0CF1-431C-987A-623C08567AFD}.Debug|x64.Build.0 = Debug|x64
		{F1187815-0CF1-431C-987A-623C08567AFD}.Debug|x86.ActiveCfg = Debug|Win32
		{F1187815-0CF1-431C-987A-623C08567AFD}.Debug|x86.Build.0 = Debug|Win32
		{F1187815-0CF1-431C-987A-623C08567AFD}.Release|x64.ActiveCfg = Release|x64
		{F1187815-0CF1-431C-987A-623C08567AFD}.Release|x64.Build.0 = Release|x64
		{F1187815-0CF1-431C-987A-623C08567AFD}.Release|x86.ActiveCfg = Release|Win32
		{F1187815-0CF1-431C-987A-623C08567AFD}.Release|x86.Build.0 = Release|Win32
	EndGlobalSection
	GlobalSection(SolutionProperties) = preSolution
		HideSolutionNode = FALSE
	EndGlobalSection
	GlobalSection(ExtensibilityGlobals) = postSolution
		SolutionGuid = {11E4D244-CD63-415F-88D8-07C4E88AC195}
	EndGlobalSection
EndGlobal
