<?xml version="1.0" encoding="utf-8"?>
<Project ToolsVersion="4.0" xmlns="http://schemas.microsoft.com/developer/msbuild/2003">
  <ItemGroup>
    <Filter Include="소스 파일">
      <UniqueIdentifier>{4FC737F1-C7A5-4376-A066-2A32D752A2FF}</UniqueIdentifier>
      <Extensions>cpp;c;cc;cxx;c++;def;odl;idl;hpj;bat;asm;asmx</Extensions>
    </Filter>
    <Filter Include="리소스 파일">
      <UniqueIdentifier>{67DA6AB6-F800-4c08-8B7A-83BB121AAD01}</UniqueIdentifier>
      <Extensions>rc;ico;cur;bmp;dlg;rc2;rct;bin;rgs;gif;jpg;jpeg;jpe;resx;tiff;tif;png;wav;mfcribbon-ms</Extensions>
    </Filter>
    <Filter Include="소스 파일\UDPSocket">
      <UniqueIdentifier>{a10553e3-6798-4592-a275-b37fdd3661c2}</UniqueIdentifier>
    </Filter>
    <Filter Include="소스 파일\TCPSocket">
      <UniqueIdentifier>{21cba406-0d2c-4f15-8a89-a6f9afcb3f90}</UniqueIdentifier>
    </Filter>
    <Filter Include="소스 파일\Common">
      <UniqueIdentifier>{52a93d6f-ee34-496c-9c6a-b6ffd650b979}</UniqueIdentifier>
    </Filter>
  </ItemGroup>
  <ItemGroup>
    <ClCompile Include="Main.cpp">
      <Filter>소스 파일</Filter>
    </ClCompile>
    <ClCompile Include="UDPSocket.cpp">
      <Filter>소스 파일\UDPSocket</Filter>
    </ClCompile>
  </ItemGroup>
  <ItemGroup>
    <ClInclude Include="AutoMutex.h">
      <Filter>소스 파일\Common</Filter>
    </ClInclude>
    <ClInclude Include="Packet.h">
      <Filter>소스 파일\Common</Filter>
    </ClInclude>
    <ClInclude Include="Macro.h">
      <Filter>소스 파일\Common</Filter>
    </ClInclude>
    <ClInclude Include="Define.h">
      <Filter>소스 파일\Common</Filter>
    </ClInclude>
    <ClInclude Include="UDPSocket.h">
      <Filter>소스 파일\UDPSocket</Filter>
    </ClInclude>
  </ItemGroup>
</Project>